PODS:
  - LLNestedTableView (0.1.0)

DEPENDENCIES:
  - LLNestedTableView (from `../`)

EXTERNAL SOURCES:
  LLNestedTableView:
    :path: "../"

SPEC CHECKSUMS:
  LLNestedTableView: c693b2f7e283ab984e6af127d3f58a1799175684

PODFILE CHECKSUM: 32b297fe82f74e8a9c089ab533e342e7db4ee1ff

COCOAPODS: 1.9.3
